# This file is automatically @generated by Poetry 1.6.1 and should not be changed by hand.

[[package]]
name = "converters"
version = "0.0.1"
description = ""
optional = false
python-versions = ">=3.6,<4.0"
files = [
    {file = "converters-0.0.1-py3-none-any.whl", hash = "sha256:bbbf4266032f1cd5a10d8e8a252fba139dea1fb93075606ab3116131a59dd920"},
    {file = "converters-0.0.1.tar.gz", hash = "sha256:1dc6e4e3dbd2bba8fd2dfcff6fc8b9713bdcd3c22130b11986c240b7b2060f97"},
]

[metadata]
lock-version = "2.0"
python-versions = "^3.11"
content-hash = "e9eddb397eb8a261bbaab6233c0c5d1717e195089335c0687f957f020ccae83b"
